
Microsoft Visual Studio Solution File, Format Version 10.00
# Visual Studio 2008
Project("{FAE04EC0-301F-11D3-BF4B-00C04F79EFBC}") = "DersDemo_JQuery_GalleryOperations", "DersDemo_JQuery_GalleryOperations\DersDemo_JQuery_GalleryOperations.csproj", "{535109FC-79E4-4190-AB88-E5D4B0369C8D}"
EndProject
Global
	GlobalSection(SolutionConfigurationPlatforms) = preSolution
		Debug|Any CPU = Debug|Any CPU
		Release|Any CPU = Release|Any CPU
	EndGlobalSection
	GlobalSection(ProjectConfigurationPlatforms) = postSolution
		{535109FC-79E4-4190-AB88-E5D4B0369C8D}.Debug|Any CPU.ActiveCfg = Debug|Any CPU
		{535109FC-79E4-4190-AB88-E5D4B0369C8D}.Debug|Any CPU.Build.0 = Debug|Any CPU
		{535109FC-79E4-4190-AB88-E5D4B0369C8D}.Release|Any CPU.ActiveCfg = Release|Any CPU
		{535109FC-79E4-4190-AB88-E5D4B0369C8D}.Release|Any CPU.Build.0 = Release|Any CPU
	EndGlobalSection
	GlobalSection(SolutionProperties) = preSolution
		HideSolutionNode = FALSE
	EndGlobalSection
EndGlobal
