
Microsoft Visual Studio Solution File, Format Version 10.00
# Visual Studio 2008
Project("{FAE04EC0-301F-11D3-BF4B-00C04F79EFBC}") = "DersDemo_JQ_Examples", "DersDemo_JQ_Examples\DersDemo_JQ_Examples.csproj", "{D9210673-D43D-413E-A779-01B9700079BE}"
EndProject
Global
	GlobalSection(SolutionConfigurationPlatforms) = preSolution
		Debug|Any CPU = Debug|Any CPU
		Release|Any CPU = Release|Any CPU
	EndGlobalSection
	GlobalSection(ProjectConfigurationPlatforms) = postSolution
		{D9210673-D43D-413E-A779-01B9700079BE}.Debug|Any CPU.ActiveCfg = Debug|Any CPU
		{D9210673-D43D-413E-A779-01B9700079BE}.Debug|Any CPU.Build.0 = Debug|Any CPU
		{D9210673-D43D-413E-A779-01B9700079BE}.Release|Any CPU.ActiveCfg = Release|Any CPU
		{D9210673-D43D-413E-A779-01B9700079BE}.Release|Any CPU.Build.0 = Release|Any CPU
	EndGlobalSection
	GlobalSection(SolutionProperties) = preSolution
		HideSolutionNode = FALSE
	EndGlobalSection
EndGlobal
