
Microsoft Visual Studio Solution File, Format Version 10.00
# Visual Studio 2008
Project("{FAE04EC0-301F-11D3-BF4B-00C04F79EFBC}") = "DersDemo_JQuery_First", "DersDemo_JQuery_First\DersDemo_JQuery_First.csproj", "{E13A713F-61F6-425F-9F62-D0546206FD37}"
EndProject
Global
	GlobalSection(SolutionConfigurationPlatforms) = preSolution
		Debug|Any CPU = Debug|Any CPU
		Release|Any CPU = Release|Any CPU
	EndGlobalSection
	GlobalSection(ProjectConfigurationPlatforms) = postSolution
		{E13A713F-61F6-425F-9F62-D0546206FD37}.Debug|Any CPU.ActiveCfg = Debug|Any CPU
		{E13A713F-61F6-425F-9F62-D0546206FD37}.Debug|Any CPU.Build.0 = Debug|Any CPU
		{E13A713F-61F6-425F-9F62-D0546206FD37}.Release|Any CPU.ActiveCfg = Release|Any CPU
		{E13A713F-61F6-425F-9F62-D0546206FD37}.Release|Any CPU.Build.0 = Release|Any CPU
	EndGlobalSection
	GlobalSection(SolutionProperties) = preSolution
		HideSolutionNode = FALSE
	EndGlobalSection
EndGlobal
